
Microsoft Visual Studio Solution File, Format Version 12.00
# Visual Studio 15
VisualStudioVersion = 15.0.27130.2036
MinimumVisualStudioVersion = 10.0.40219.1
Project("{8BC9CEB8-8B4A-11D0-8D11-00A0C91BC942}") = "WordGame", "WordGame\WordGame.vcxproj", "{212ABEF2-DFB8-4AEA-8B1C-63FC8FD5D249}"
EndProject
Project("{8BC9CEB8-8B4A-11D0-8D11-00A0C91BC942}") = "GameFunctionTesting", "GameFunctionTesting\GameFunctionTesting.vcxproj", "{859CA236-2BA3-4ABB-AC05-4E84418DBE6F}"
EndProject
Global
	GlobalSection(SolutionConfigurationPlatforms) = preSolution
		Debug|x64 = Debug|x64
		Debug|x86 = Debug|x86
		Release|x64 = Release|x64
		Release|x86 = Release|x86
	EndGlobalSection
	GlobalSection(ProjectConfigurationPlatforms) = postSolution
		{212ABEF2-DFB8-4AEA-8B1C-63FC8FD5D249}.Debug|x64.ActiveCfg = Debug|x64
		{212ABEF2-DFB8-4AEA-8B1C-63FC8FD5D249}.Debug|x64.Build.0 = Debug|x64
		{212ABEF2-DFB8-4AEA-8B1C-63FC8FD5D249}.Debug|x86.ActiveCfg = Debug|Win32
		{212ABEF2-DFB8-4AEA-8B1C-63FC8FD5D249}.Debug|x86.Build.0 = Debug|Win32
		{212ABEF2-DFB8-4AEA-8B1C-63FC8FD5D249}.Release|x64.ActiveCfg = Release|x64
		{212ABEF2-DFB8-4AEA-8B1C-63FC8FD5D249}.Release|x64.Build.0 = Release|x64
		{212ABEF2-DFB8-4AEA-8B1C-63FC8FD5D249}.Release|x86.ActiveCfg = Release|Win32
		{212ABEF2-DFB8-4AEA-8B1C-63FC8FD5D249}.Release|x86.Build.0 = Release|Win32
		{859CA236-2BA3-4ABB-AC05-4E84418DBE6F}.Debug|x64.ActiveCfg = Debug|x64
		{859CA236-2BA3-4ABB-AC05-4E84418DBE6F}.Debug|x64.Build.0 = Debug|x64
		{859CA236-2BA3-4ABB-AC05-4E84418DBE6F}.Debug|x86.ActiveCfg = Debug|Win32
		{859CA236-2BA3-4ABB-AC05-4E84418DBE6F}.Debug|x86.Build.0 = Debug|Win32
		{859CA236-2BA3-4ABB-AC05-4E84418DBE6F}.Release|x64.ActiveCfg = Release|x64
		{859CA236-2BA3-4ABB-AC05-4E84418DBE6F}.Release|x64.Build.0 = Release|x64
		{859CA236-2BA3-4ABB-AC05-4E84418DBE6F}.Release|x86.ActiveCfg = Release|Win32
		{859CA236-2BA3-4ABB-AC05-4E84418DBE6F}.Release|x86.Build.0 = Release|Win32
	EndGlobalSection
	GlobalSection(SolutionProperties) = preSolution
		HideSolutionNode = FALSE
	EndGlobalSection
	GlobalSection(ExtensibilityGlobals) = postSolution
		SolutionGuid = {7A0989A9-A442-4CB9-98BA-096B801645AB}
	EndGlobalSection
EndGlobal
