
Microsoft Visual Studio Solution File, Format Version 12.00
# Visual Studio 15
VisualStudioVersion = 15.0.27130.2036
MinimumVisualStudioVersion = 10.0.40219.1
Project("{8BC9CEB8-8B4A-11D0-8D11-00A0C91BC942}") = "HTTP_URL", "HTTP_URL\HTTP_URL.vcxproj", "{4464CFDC-3296-43FC-9DB0-B9D686C8CD6C}"
EndProject
Project("{8BC9CEB8-8B4A-11D0-8D11-00A0C91BC942}") = "HTTP_URL-testing", "HTTP_URL-testing\HTTP_URL-testing.vcxproj", "{04719D92-C138-4855-BBCD-7671F5B52B1C}"
EndProject
Global
	GlobalSection(SolutionConfigurationPlatforms) = preSolution
		Debug|x64 = Debug|x64
		Debug|x86 = Debug|x86
		Release|x64 = Release|x64
		Release|x86 = Release|x86
	EndGlobalSection
	GlobalSection(ProjectConfigurationPlatforms) = postSolution
		{4464CFDC-3296-43FC-9DB0-B9D686C8CD6C}.Debug|x64.ActiveCfg = Debug|x64
		{4464CFDC-3296-43FC-9DB0-B9D686C8CD6C}.Debug|x64.Build.0 = Debug|x64
		{4464CFDC-3296-43FC-9DB0-B9D686C8CD6C}.Debug|x86.ActiveCfg = Debug|Win32
		{4464CFDC-3296-43FC-9DB0-B9D686C8CD6C}.Debug|x86.Build.0 = Debug|Win32
		{4464CFDC-3296-43FC-9DB0-B9D686C8CD6C}.Release|x64.ActiveCfg = Release|x64
		{4464CFDC-3296-43FC-9DB0-B9D686C8CD6C}.Release|x64.Build.0 = Release|x64
		{4464CFDC-3296-43FC-9DB0-B9D686C8CD6C}.Release|x86.ActiveCfg = Release|Win32
		{4464CFDC-3296-43FC-9DB0-B9D686C8CD6C}.Release|x86.Build.0 = Release|Win32
		{04719D92-C138-4855-BBCD-7671F5B52B1C}.Debug|x64.ActiveCfg = Debug|x64
		{04719D92-C138-4855-BBCD-7671F5B52B1C}.Debug|x64.Build.0 = Debug|x64
		{04719D92-C138-4855-BBCD-7671F5B52B1C}.Debug|x86.ActiveCfg = Debug|Win32
		{04719D92-C138-4855-BBCD-7671F5B52B1C}.Debug|x86.Build.0 = Debug|Win32
		{04719D92-C138-4855-BBCD-7671F5B52B1C}.Release|x64.ActiveCfg = Release|x64
		{04719D92-C138-4855-BBCD-7671F5B52B1C}.Release|x64.Build.0 = Release|x64
		{04719D92-C138-4855-BBCD-7671F5B52B1C}.Release|x86.ActiveCfg = Release|Win32
		{04719D92-C138-4855-BBCD-7671F5B52B1C}.Release|x86.Build.0 = Release|Win32
	EndGlobalSection
	GlobalSection(SolutionProperties) = preSolution
		HideSolutionNode = FALSE
	EndGlobalSection
	GlobalSection(ExtensibilityGlobals) = postSolution
		SolutionGuid = {8304B276-DCAC-4BB3-AFD0-0D517732B93B}
	EndGlobalSection
EndGlobal
