
Microsoft Visual Studio Solution File, Format Version 12.00
# Visual Studio 15
VisualStudioVersion = 15.0.27130.2036
MinimumVisualStudioVersion = 10.0.40219.1
Project("{8BC9CEB8-8B4A-11D0-8D11-00A0C91BC942}") = "Task", "Task\Task.vcxproj", "{45423D21-4432-4F97-91B8-323A97A01C92}"
EndProject
Global
	GlobalSection(SolutionConfigurationPlatforms) = preSolution
		Debug|x64 = Debug|x64
		Debug|x86 = Debug|x86
		Release|x64 = Release|x64
		Release|x86 = Release|x86
	EndGlobalSection
	GlobalSection(ProjectConfigurationPlatforms) = postSolution
		{45423D21-4432-4F97-91B8-323A97A01C92}.Debug|x64.ActiveCfg = Debug|x64
		{45423D21-4432-4F97-91B8-323A97A01C92}.Debug|x64.Build.0 = Debug|x64
		{45423D21-4432-4F97-91B8-323A97A01C92}.Debug|x86.ActiveCfg = Debug|Win32
		{45423D21-4432-4F97-91B8-323A97A01C92}.Debug|x86.Build.0 = Debug|Win32
		{45423D21-4432-4F97-91B8-323A97A01C92}.Release|x64.ActiveCfg = Release|x64
		{45423D21-4432-4F97-91B8-323A97A01C92}.Release|x64.Build.0 = Release|x64
		{45423D21-4432-4F97-91B8-323A97A01C92}.Release|x86.ActiveCfg = Release|Win32
		{45423D21-4432-4F97-91B8-323A97A01C92}.Release|x86.Build.0 = Release|Win32
	EndGlobalSection
	GlobalSection(SolutionProperties) = preSolution
		HideSolutionNode = FALSE
	EndGlobalSection
	GlobalSection(ExtensibilityGlobals) = postSolution
		SolutionGuid = {6D0271A9-2676-43FA-8B29-612F6E91630A}
	EndGlobalSection
EndGlobal
