
Microsoft Visual Studio Solution File, Format Version 12.00
# Visual Studio 15
VisualStudioVersion = 15.0.27130.2036
MinimumVisualStudioVersion = 10.0.40219.1
Project("{8BC9CEB8-8B4A-11D0-8D11-00A0C91BC942}") = "dictionary", "dictionary\dictionary.vcxproj", "{8A551826-00A1-49DA-95DA-47DB7DD7489F}"
EndProject
Project("{8BC9CEB8-8B4A-11D0-8D11-00A0C91BC942}") = "dictionary-test", "dictionary-test\dictionary-test.vcxproj", "{B5338582-16A0-48BF-BE8B-9DB346FE3D40}"
EndProject
Global
	GlobalSection(SolutionConfigurationPlatforms) = preSolution
		Debug|x64 = Debug|x64
		Debug|x86 = Debug|x86
		Release|x64 = Release|x64
		Release|x86 = Release|x86
	EndGlobalSection
	GlobalSection(ProjectConfigurationPlatforms) = postSolution
		{8A551826-00A1-49DA-95DA-47DB7DD7489F}.Debug|x64.ActiveCfg = Debug|x64
		{8A551826-00A1-49DA-95DA-47DB7DD7489F}.Debug|x64.Build.0 = Debug|x64
		{8A551826-00A1-49DA-95DA-47DB7DD7489F}.Debug|x86.ActiveCfg = Debug|Win32
		{8A551826-00A1-49DA-95DA-47DB7DD7489F}.Debug|x86.Build.0 = Debug|Win32
		{8A551826-00A1-49DA-95DA-47DB7DD7489F}.Release|x64.ActiveCfg = Release|x64
		{8A551826-00A1-49DA-95DA-47DB7DD7489F}.Release|x64.Build.0 = Release|x64
		{8A551826-00A1-49DA-95DA-47DB7DD7489F}.Release|x86.ActiveCfg = Release|Win32
		{8A551826-00A1-49DA-95DA-47DB7DD7489F}.Release|x86.Build.0 = Release|Win32
		{B5338582-16A0-48BF-BE8B-9DB346FE3D40}.Debug|x64.ActiveCfg = Debug|x64
		{B5338582-16A0-48BF-BE8B-9DB346FE3D40}.Debug|x64.Build.0 = Debug|x64
		{B5338582-16A0-48BF-BE8B-9DB346FE3D40}.Debug|x86.ActiveCfg = Debug|Win32
		{B5338582-16A0-48BF-BE8B-9DB346FE3D40}.Debug|x86.Build.0 = Debug|Win32
		{B5338582-16A0-48BF-BE8B-9DB346FE3D40}.Release|x64.ActiveCfg = Release|x64
		{B5338582-16A0-48BF-BE8B-9DB346FE3D40}.Release|x64.Build.0 = Release|x64
		{B5338582-16A0-48BF-BE8B-9DB346FE3D40}.Release|x86.ActiveCfg = Release|Win32
		{B5338582-16A0-48BF-BE8B-9DB346FE3D40}.Release|x86.Build.0 = Release|Win32
	EndGlobalSection
	GlobalSection(SolutionProperties) = preSolution
		HideSolutionNode = FALSE
	EndGlobalSection
	GlobalSection(ExtensibilityGlobals) = postSolution
		SolutionGuid = {26A9CC57-3B86-4AF7-B9B2-BF6959EE3CD4}
	EndGlobalSection
EndGlobal
